{
  "nodes": {
    "aagl": {
      "inputs": {
        "flake-compat": "flake-compat",
        "nixpkgs": [
          "nixpkgs"
        ],
        "rust-overlay": "rust-overlay"
      },
      "locked": {
        "lastModified": 1754711696,
        "narHash": "sha256-/f9qBY5+d/mFvnb4BVHGvsJzdY+zkTmhwyVOAvu9pNc=",
        "owner": "ezKEa",
        "repo": "aagl-gtk-on-nix",
        "rev": "516c80c8744a8c4e3e6bd15bc19633cc991233a4",
        "type": "github"
      },
      "original": {
        "owner": "ezKEa",
        "ref": "release-25.05",
        "repo": "aagl-gtk-on-nix",
        "type": "github"
      }
    },
    "base16-schemes": {
      "flake": false,
      "locked": {
        "lastModified": 1696158499,
        "narHash": "sha256-5yIHgDTPjoX/3oDEfLSQ0eJZdFL1SaCfb9d6M0RmOTM=",
        "owner": "tinted-theming",
        "repo": "base16-schemes",
        "rev": "a9112eaae86d9dd8ee6bb9445b664fba2f94037a",
        "type": "github"
      },
      "original": {
        "owner": "tinted-theming",
        "repo": "base16-schemes",
        "type": "github"
      }
    },
    "catppuccin": {
      "inputs": {
        "nixpkgs": "nixpkgs_2"
      },
      "locked": {
        "lastModified": 1754766435,
        "narHash": "sha256-DT8CQoqV2haX+Fo16WXAt9gKCSXOZH9ZfnV++Br+qcM=",
        "owner": "catppuccin",
        "repo": "nix",
        "rev": "e339d6d822fa81c39d1ab89694b4ee2cfc830c9a",
        "type": "github"
      },
      "original": {
        "owner": "catppuccin",
        "ref": "release-25.05",
        "repo": "nix",
        "type": "github"
      }
    },
    "crane": {
      "locked": {
        "lastModified": 1750266157,
        "narHash": "sha256-tL42YoNg9y30u7zAqtoGDNdTyXTi8EALDeCB13FtbQA=",
        "owner": "ipetkov",
        "repo": "crane",
        "rev": "e37c943371b73ed87faf33f7583860f81f1d5a48",
        "type": "github"
      },
      "original": {
        "owner": "ipetkov",
        "repo": "crane",
        "type": "github"
      }
    },
    "flake-compat": {
      "flake": false,
      "locked": {
        "lastModified": 1747046372,
        "narHash": "sha256-CIVLLkVgvHYbgI2UpXvIIBJ12HWgX+fjA8Xf8PUmqCY=",
        "owner": "edolstra",
        "repo": "flake-compat",
        "rev": "9100a0f413b0c601e0533d1d94ffd501ce2e7885",
        "type": "github"
      },
      "original": {
        "owner": "edolstra",
        "repo": "flake-compat",
        "type": "github"
      }
    },
    "flake-parts": {
      "inputs": {
        "nixpkgs-lib": [
          "hyprshell",
          "nixpkgs"
        ]
      },
      "locked": {
        "lastModified": 1749398372,
        "narHash": "sha256-tYBdgS56eXYaWVW3fsnPQ/nFlgWi/Z2Ymhyu21zVM98=",
        "owner": "hercules-ci",
        "repo": "flake-parts",
        "rev": "9305fe4e5c2a6fcf5ba6a3ff155720fbe4076569",
        "type": "github"
      },
      "original": {
        "owner": "hercules-ci",
        "repo": "flake-parts",
        "type": "github"
      }
    },
    "flake-parts_2": {
      "inputs": {
        "nixpkgs-lib": "nixpkgs-lib"
      },
      "locked": {
        "lastModified": 1735774679,
        "narHash": "sha256-soePLBazJk0qQdDVhdbM98vYdssfs3WFedcq+raipRI=",
        "owner": "hercules-ci",
        "repo": "flake-parts",
        "rev": "f2f7418ce0ab4a5309a4596161d154cfc877af66",
        "type": "github"
      },
      "original": {
        "owner": "hercules-ci",
        "repo": "flake-parts",
        "type": "github"
      }
    },
    "flake-utils": {
      "inputs": {
        "systems": "systems"
      },
      "locked": {
        "lastModified": 1731533236,
        "narHash": "sha256-l0KFg5HjrsfsO/JpG+r7fRrqm12kzFHyUHqHCVpMMbI=",
        "owner": "numtide",
        "repo": "flake-utils",
        "rev": "11707dc2f618dd54ca8739b309ec4fc024de578b",
        "type": "github"
      },
      "original": {
        "owner": "numtide",
        "repo": "flake-utils",
        "type": "github"
      }
    },
    "flake-utils_2": {
      "inputs": {
        "systems": "systems_2"
      },
      "locked": {
        "lastModified": 1710146030,
        "narHash": "sha256-SZ5L6eA7HJ/nmkzGG7/ISclqe6oZdOZTNoesiInkXPQ=",
        "owner": "numtide",
        "repo": "flake-utils",
        "rev": "b1d9ab70662946ef0850d488da1c9019f3a9752a",
        "type": "github"
      },
      "original": {
        "owner": "numtide",
        "repo": "flake-utils",
        "type": "github"
      }
    },
    "flake-utils_3": {
      "inputs": {
        "systems": "systems_3"
      },
      "locked": {
        "lastModified": 1731533236,
        "narHash": "sha256-l0KFg5HjrsfsO/JpG+r7fRrqm12kzFHyUHqHCVpMMbI=",
        "owner": "numtide",
        "repo": "flake-utils",
        "rev": "11707dc2f618dd54ca8739b309ec4fc024de578b",
        "type": "github"
      },
      "original": {
        "owner": "numtide",
        "repo": "flake-utils",
        "type": "github"
      }
    },
    "home-manager": {
      "inputs": {
        "nixpkgs": [
          "nixpkgs"
        ]
      },
      "locked": {
        "lastModified": 1753592768,
        "narHash": "sha256-oV695RvbAE4+R9pcsT9shmp6zE/+IZe6evHWX63f2Qg=",
        "owner": "nix-community",
        "repo": "home-manager",
        "rev": "fc3add429f21450359369af74c2375cb34a2d204",
        "type": "github"
      },
      "original": {
        "owner": "nix-community",
        "ref": "release-25.05",
        "repo": "home-manager",
        "type": "github"
      }
    },
    "home-manager_2": {
      "inputs": {
        "nixpkgs": [
          "hyprshell",
          "nixpkgs"
        ]
      },
      "locked": {
        "lastModified": 1750798083,
        "narHash": "sha256-DTCCcp6WCFaYXWKFRA6fiI2zlvOLCf5Vwx8+/0R8Wc4=",
        "owner": "nix-community",
        "repo": "home-manager",
        "rev": "ff31a4677c1a8ae506aa7e003a3dba08cb203f82",
        "type": "github"
      },
      "original": {
        "owner": "nix-community",
        "repo": "home-manager",
        "type": "github"
      }
    },
    "hyprshell": {
      "inputs": {
        "crane": "crane",
        "flake-parts": "flake-parts",
        "home-manager": "home-manager_2",
        "nixpkgs": [
          "nixpkgs"
        ]
      },
      "locked": {
        "lastModified": 1750983993,
        "narHash": "sha256-AfOG2MCHRp/p894mJhCRRGTLd+DpWKAp3Epf5dR7S/E=",
        "owner": "h3rmt",
        "repo": "hyprswitch",
        "rev": "601c7eb1a61854d0d70b257447e9ddc044810855",
        "type": "github"
      },
      "original": {
        "owner": "h3rmt",
        "ref": "hyprshell-release",
        "repo": "hyprswitch",
        "type": "github"
      }
    },
    "hyprswitch": {
      "inputs": {
        "flake-parts": "flake-parts_2",
        "nixpkgs": [
          "nixpkgs"
        ],
        "rust-overlay": "rust-overlay_2"
      },
      "locked": {
        "lastModified": 1748708498,
        "narHash": "sha256-XvyyZuS78ETJl4QZm0kqVMRMAEmoZbp2UHBNLAl0pXQ=",
        "owner": "h3rmt",
        "repo": "hyprswitch",
        "rev": "063ff09b74cdec2ede3a1567433064fd4a61b7d1",
        "type": "github"
      },
      "original": {
        "owner": "h3rmt",
        "ref": "old-release-hyprswitch",
        "repo": "hyprswitch",
        "type": "github"
      }
    },
    "kmscon": {
      "flake": false,
      "locked": {
        "lastModified": 1755005290,
        "narHash": "sha256-nA9YsCuc5RjNZWRNKeH9xB9nxuu6A498fpeZYbwjkPE=",
        "owner": "Aetf",
        "repo": "kmscon",
        "rev": "1aaaf90af42e68a9632d65d010db94e047e7411f",
        "type": "github"
      },
      "original": {
        "owner": "Aetf",
        "ref": "main",
        "repo": "kmscon",
        "type": "github"
      }
    },
    "libtsm": {
      "flake": false,
      "locked": {
        "lastModified": 1755013313,
        "narHash": "sha256-G8KZdEEqA7ewrV9iuVszQTjO+y1s/5TrMlqOAMbadJM=",
        "owner": "Aetf",
        "repo": "libtsm",
        "rev": "ba2aea258c13dcd89b4f0d506ba8311d6ef445b1",
        "type": "github"
      },
      "original": {
        "owner": "Aetf",
        "ref": "main",
        "repo": "libtsm",
        "type": "github"
      }
    },
    "magnetic-catppuccin-gtk": {
      "flake": false,
      "locked": {
        "lastModified": 1755035534,
        "narHash": "sha256-abuicq/a9cz0p/XEivxT/PSLs+L0EYOWYCXJdLuhHfA=",
        "owner": "Fausto-Korpsvart",
        "repo": "Catppuccin-GTK-Theme",
        "rev": "a527d5481f121a930884e8ff97eb7cb7295f3e1d",
        "type": "github"
      },
      "original": {
        "owner": "Fausto-Korpsvart",
        "repo": "Catppuccin-GTK-Theme",
        "type": "github"
      }
    },
    "nix-colors": {
      "inputs": {
        "base16-schemes": "base16-schemes",
        "nixpkgs-lib": "nixpkgs-lib_2"
      },
      "locked": {
        "lastModified": 1707825078,
        "narHash": "sha256-hTfge2J2W+42SZ7VHXkf4kjU+qzFqPeC9k66jAUBMHk=",
        "owner": "misterio77",
        "repo": "nix-colors",
        "rev": "b01f024090d2c4fc3152cd0cf12027a7b8453ba1",
        "type": "github"
      },
      "original": {
        "owner": "misterio77",
        "repo": "nix-colors",
        "type": "github"
      }
    },
    "nix-vscode-extensions": {
      "inputs": {
        "flake-utils": "flake-utils",
        "nixpkgs": "nixpkgs_3"
      },
      "locked": {
        "lastModified": 1755137362,
        "narHash": "sha256-3e/S+Q9InEZ+W1YxjrfjkuVz49IsF2vJZx7Id22RCkY=",
        "owner": "nix-community",
        "repo": "nix-vscode-extensions",
        "rev": "547b299dd5b8ddccf948ff6728d7ec547eee4e02",
        "type": "github"
      },
      "original": {
        "owner": "nix-community",
        "repo": "nix-vscode-extensions",
        "type": "github"
      }
    },
    "nixfmt-git": {
      "inputs": {
        "flake-utils": "flake-utils_2"
      },
      "locked": {
        "lastModified": 1754422905,
        "narHash": "sha256-kDRSxTk/R4QXYRnvDAiy+d2BPIPp2+65f7pXzoQInzc=",
        "owner": "NixOS",
        "repo": "nixfmt",
        "rev": "2381bca22e7c8cea02fd5dac3b581f099c058677",
        "type": "github"
      },
      "original": {
        "owner": "NixOS",
        "repo": "nixfmt",
        "type": "github"
      }
    },
    "nixpkgs": {
      "locked": {
        "lastModified": 1744536153,
        "narHash": "sha256-awS2zRgF4uTwrOKwwiJcByDzDOdo3Q1rPZbiHQg/N38=",
        "owner": "NixOS",
        "repo": "nixpkgs",
        "rev": "18dd725c29603f582cf1900e0d25f9f1063dbf11",
        "type": "github"
      },
      "original": {
        "owner": "NixOS",
        "ref": "nixpkgs-unstable",
        "repo": "nixpkgs",
        "type": "github"
      }
    },
    "nixpkgs-lib": {
      "locked": {
        "lastModified": 1735774519,
        "narHash": "sha256-CewEm1o2eVAnoqb6Ml+Qi9Gg/EfNAxbRx1lANGVyoLI=",
        "type": "tarball",
        "url": "https://github.com/NixOS/nixpkgs/archive/e9b51731911566bbf7e4895475a87fe06961de0b.tar.gz"
      },
      "original": {
        "type": "tarball",
        "url": "https://github.com/NixOS/nixpkgs/archive/e9b51731911566bbf7e4895475a87fe06961de0b.tar.gz"
      }
    },
    "nixpkgs-lib_2": {
      "locked": {
        "lastModified": 1697935651,
        "narHash": "sha256-qOfWjQ2JQSQL15KLh6D7xQhx0qgZlYZTYlcEiRuAMMw=",
        "owner": "nix-community",
        "repo": "nixpkgs.lib",
        "rev": "e1e11fdbb01113d85c7f41cada9d2847660e3902",
        "type": "github"
      },
      "original": {
        "owner": "nix-community",
        "repo": "nixpkgs.lib",
        "type": "github"
      }
    },
    "nixpkgs_2": {
      "locked": {
        "lastModified": 1753749649,
        "narHash": "sha256-+jkEZxs7bfOKfBIk430K+tK9IvXlwzqQQnppC2ZKFj4=",
        "owner": "NixOS",
        "repo": "nixpkgs",
        "rev": "1f08a4df998e21f4e8be8fb6fbf61d11a1a5076a",
        "type": "github"
      },
      "original": {
        "owner": "NixOS",
        "ref": "nixos-25.05",
        "repo": "nixpkgs",
        "type": "github"
      }
    },
    "nixpkgs_3": {
      "locked": {
        "lastModified": 1744868846,
        "narHash": "sha256-5RJTdUHDmj12Qsv7XOhuospjAjATNiTMElplWnJE9Hs=",
        "owner": "NixOS",
        "repo": "nixpkgs",
        "rev": "ebe4301cbd8f81c4f8d3244b3632338bbeb6d49c",
        "type": "github"
      },
      "original": {
        "owner": "NixOS",
        "repo": "nixpkgs",
        "rev": "ebe4301cbd8f81c4f8d3244b3632338bbeb6d49c",
        "type": "github"
      }
    },
    "nixpkgs_4": {
      "locked": {
        "lastModified": 1754937576,
        "narHash": "sha256-3sWA5WJybUE16kIMZ3+uxcxKZY/JRR4DFBqLdSLBo7w=",
        "owner": "NixOS",
        "repo": "nixpkgs",
        "rev": "ddae11e58c0c345bf66efbddbf2192ed0e58f896",
        "type": "github"
      },
      "original": {
        "owner": "NixOS",
        "ref": "nixos-25.05",
        "repo": "nixpkgs",
        "type": "github"
      }
    },
    "nonfree-fonts": {
      "inputs": {
        "flake-utils": "flake-utils_3",
        "nixpkgs": [
          "nixpkgs"
        ]
      },
      "locked": {
        "lastModified": 1752661633,
        "narHash": "sha256-zOyFlI9/Nax28KZCwEEqWgZFmFDIRCrYuRQmoAvZMCo=",
        "owner": "Mop-u",
        "repo": "nonfree-fonts",
        "rev": "a10295a8dddc3ca31a2ee8aad33be6db5244abd1",
        "type": "github"
      },
      "original": {
        "owner": "Mop-u",
        "repo": "nonfree-fonts",
        "type": "github"
      }
    },
    "root": {
      "inputs": {
        "aagl": "aagl",
        "catppuccin": "catppuccin",
        "home-manager": "home-manager",
        "hyprshell": "hyprshell",
        "hyprswitch": "hyprswitch",
        "kmscon": "kmscon",
        "libtsm": "libtsm",
        "magnetic-catppuccin-gtk": "magnetic-catppuccin-gtk",
        "nix-colors": "nix-colors",
        "nix-vscode-extensions": "nix-vscode-extensions",
        "nixfmt-git": "nixfmt-git",
        "nixpkgs": "nixpkgs_4",
        "nonfree-fonts": "nonfree-fonts",
        "stextCatppuccin": "stextCatppuccin",
        "stextHooks": "stextHooks",
        "stextLSP": "stextLSP",
        "stextNix": "stextNix",
        "stextPackageControl": "stextPackageControl",
        "stextSystemVerilog": "stextSystemVerilog",
        "unstable": "unstable"
      }
    },
    "rust-overlay": {
      "inputs": {
        "nixpkgs": "nixpkgs"
      },
      "locked": {
        "lastModified": 1754575663,
        "narHash": "sha256-afOx8AG0KYtw7mlt6s6ahBBy7eEHZwws3iCRoiuRQS4=",
        "owner": "oxalica",
        "repo": "rust-overlay",
        "rev": "6db0fb0e9cec2e9729dc52bf4898e6c135bb8a0f",
        "type": "github"
      },
      "original": {
        "owner": "oxalica",
        "repo": "rust-overlay",
        "type": "github"
      }
    },
    "rust-overlay_2": {
      "inputs": {
        "nixpkgs": [
          "hyprswitch",
          "nixpkgs"
        ]
      },
      "locked": {
        "lastModified": 1735784864,
        "narHash": "sha256-tIl5p3ueaPw7T5T1UXkLc8ISMk6Y8CI/D/rd0msf73I=",
        "owner": "oxalica",
        "repo": "rust-overlay",
        "rev": "04d5f1836721461b256ec452883362c5edc5288e",
        "type": "github"
      },
      "original": {
        "owner": "oxalica",
        "repo": "rust-overlay",
        "type": "github"
      }
    },
    "stextCatppuccin": {
      "flake": false,
      "locked": {
        "lastModified": 1745279745,
        "narHash": "sha256-IJkxrZwwZ3IgASJXqcMRBzkdOY87Ft/PUHtUoU4F/4g=",
        "owner": "catppuccin",
        "repo": "sublime-text",
        "rev": "3cbaf58c39d1b1fddb8d7d816ecd71977e542b7d",
        "type": "github"
      },
      "original": {
        "owner": "catppuccin",
        "repo": "sublime-text",
        "type": "github"
      }
    },
    "stextHooks": {
      "flake": false,
      "locked": {
        "lastModified": 1441942539,
        "narHash": "sha256-qPWK/IngqGM3H2NbYLVlEzgwZMDiJNyYJpeqWejEZBY=",
        "owner": "twolfson",
        "repo": "sublime-hooks",
        "rev": "6117eb910eafe1a7d230fd1b889a4b2b88483b85",
        "type": "github"
      },
      "original": {
        "owner": "twolfson",
        "repo": "sublime-hooks",
        "type": "github"
      }
    },
    "stextLSP": {
      "flake": false,
      "locked": {
        "lastModified": 1755090565,
        "narHash": "sha256-cJuKzLSUYjn0O/yzrFFSRyMxEmKa/UAZhFaTtgiU/kM=",
        "owner": "sublimelsp",
        "repo": "LSP",
        "rev": "bbfe34cf544591c9b2e42a2b6b39661ba5e088f1",
        "type": "github"
      },
      "original": {
        "owner": "sublimelsp",
        "repo": "LSP",
        "type": "github"
      }
    },
    "stextNix": {
      "flake": false,
      "locked": {
        "lastModified": 1739909853,
        "narHash": "sha256-gZFUFSiY2MxiEiiPDekiyYfQlY8+zUhXb0Y98xCpqrs=",
        "owner": "wmertens",
        "repo": "sublime-nix",
        "rev": "48c497c709c66a2fb118c534a8de8e4e1c4c401d",
        "type": "github"
      },
      "original": {
        "owner": "wmertens",
        "repo": "sublime-nix",
        "type": "github"
      }
    },
    "stextPackageControl": {
      "flake": false,
      "locked": {
        "lastModified": 1754650834,
        "narHash": "sha256-wXUp7yHL5qtRKWOuO1CB+UaD0pvt33qbsHRkvY4m5zY=",
        "owner": "wbond",
        "repo": "package_control",
        "rev": "b56cb2d67b6cd5cf3139e9e2ad9c7efc52b6a456",
        "type": "github"
      },
      "original": {
        "owner": "wbond",
        "repo": "package_control",
        "type": "github"
      }
    },
    "stextSystemVerilog": {
      "flake": false,
      "locked": {
        "lastModified": 1599161250,
        "narHash": "sha256-hME4OsuBZPPtZXlj/KcW0ctyXjZW31pc6BiPFEkm24A=",
        "owner": "TheClams",
        "repo": "SystemVerilog",
        "rev": "7eca705e87f87b94478fe222fc91d54d488cc8e3",
        "type": "github"
      },
      "original": {
        "owner": "TheClams",
        "repo": "SystemVerilog",
        "type": "github"
      }
    },
    "systems": {
      "locked": {
        "lastModified": 1681028828,
        "narHash": "sha256-Vy1rq5AaRuLzOxct8nz4T6wlgyUR7zLU309k9mBC768=",
        "owner": "nix-systems",
        "repo": "default",
        "rev": "da67096a3b9bf56a91d16901293e51ba5b49a27e",
        "type": "github"
      },
      "original": {
        "owner": "nix-systems",
        "repo": "default",
        "type": "github"
      }
    },
    "systems_2": {
      "locked": {
        "lastModified": 1681028828,
        "narHash": "sha256-Vy1rq5AaRuLzOxct8nz4T6wlgyUR7zLU309k9mBC768=",
        "owner": "nix-systems",
        "repo": "default",
        "rev": "da67096a3b9bf56a91d16901293e51ba5b49a27e",
        "type": "github"
      },
      "original": {
        "owner": "nix-systems",
        "repo": "default",
        "type": "github"
      }
    },
    "systems_3": {
      "locked": {
        "lastModified": 1681028828,
        "narHash": "sha256-Vy1rq5AaRuLzOxct8nz4T6wlgyUR7zLU309k9mBC768=",
        "owner": "nix-systems",
        "repo": "default",
        "rev": "da67096a3b9bf56a91d16901293e51ba5b49a27e",
        "type": "github"
      },
      "original": {
        "owner": "nix-systems",
        "repo": "default",
        "type": "github"
      }
    },
    "unstable": {
      "locked": {
        "lastModified": 1755027561,
        "narHash": "sha256-IVft239Bc8p8Dtvf7UAACMG5P3ZV+3/aO28gXpGtMXI=",
        "owner": "NixOS",
        "repo": "nixpkgs",
        "rev": "005433b926e16227259a1843015b5b2b7f7d1fc3",
        "type": "github"
      },
      "original": {
        "owner": "NixOS",
        "ref": "nixos-unstable",
        "repo": "nixpkgs",
        "type": "github"
      }
    }
  },
  "root": "root",
  "version": 7
}
